{
    "name": "libparsec_bindings_web",
    "version": "3.6.2-a.0.dev.20413+09af3be",
    "lockfileVersion": 3,
    "requires": true,
    "packages": {
        "": {
            "name": "libparsec_bindings_web",
            "version": "3.6.2-a.0.dev.20413+09af3be",
            "license": "BUSL-1.1"
        }
    }
}
