{
    "name": "libparsec_bindings_web",
    "version": "3.4.1-a.0.dev.20300+e0d1b4e",
    "lockfileVersion": 3,
    "requires": true,
    "packages": {
        "": {
            "name": "libparsec_bindings_web",
            "version": "3.4.1-a.0.dev.20300+e0d1b4e",
            "license": "BUSL-1.1"
        }
    }
}
