{
    "name": "libparsec_bindings_web",
    "version": "3.9.4-a.0.dev.20719+5cc5421",
    "lockfileVersion": 3,
    "requires": true,
    "packages": {
        "": {
            "name": "libparsec_bindings_web",
            "version": "3.9.4-a.0.dev.20719+5cc5421",
            "license": "BUSL-1.1"
        }
    }
}
